// !$*UTF8*$!
{
	archiveVersion = 1;
	classes = {
	};
	objectVersion = 56;
	objects = {

/* Begin PBXBuildFile section */
		A3D90FDF28EFD3380097F5D0 /* AppDelegate.swift in Sources */ = {isa = PBXBuildFile; fileRef = A3D90FDE28EFD3380097F5D0 /* AppDelegate.swift */; };
		A3D90FE128EFD3380097F5D0 /* SceneDelegate.swift in Sources */ = {isa = PBXBuildFile; fileRef = A3D90FE028EFD3380097F5D0 /* SceneDelegate.swift */; };
		A3D90FE328EFD3380097F5D0 /* ViewController.swift in Sources */ = {isa = PBXBuildFile; fileRef = A3D90FE228EFD3380097F5D0 /* ViewController.swift */; };
		A3D90FE628EFD3380097F5D0 /* Main.storyboard in Resources */ = {isa = PBXBuildFile; fileRef = A3D90FE428EFD3380097F5D0 /* Main.storyboard */; };
		A3D90FE828EFD33A0097F5D0 /* Assets.xcassets in Resources */ = {isa = PBXBuildFile; fileRef = A3D90FE728EFD33A0097F5D0 /* Assets.xcassets */; };
		A3D90FEB28EFD33A0097F5D0 /* LaunchScreen.storyboard in Resources */ = {isa = PBXBuildFile; fileRef = A3D90FE928EFD33A0097F5D0 /* LaunchScreen.storyboard */; };
		A3D90FF328EFD5B70097F5D0 /* SecondViewController.swift in Sources */ = {isa = PBXBuildFile; fileRef = A3D90FF228EFD5B70097F5D0 /* SecondViewController.swift */; };
		A3D90FF728EFD5E90097F5D0 /* thirdViewController.swift in Sources */ = {isa = PBXBuildFile; fileRef = A3D90FF628EFD5E90097F5D0 /* thirdViewController.swift */; };
/* End PBXBuildFile section */

/* Begin PBXFileReference section */
		A3D90FDB28EFD3380097F5D0 /* IN_SOPT_FirstAssignment.app */ = {isa = PBXFileReference; explicitFileType = wrapper.application; includeInIndex = 0; path = IN_SOPT_FirstAssignment.app; sourceTree = BUILT_PRODUCTS_DIR; };
		A3D90FDE28EFD3380097F5D0 /* AppDelegate.swift */ = {isa = PBXFileReference; lastKnownFileType = sourcecode.swift; path = AppDelegate.swift; sourceTree = "<group>"; };
		A3D90FE028EFD3380097F5D0 /* SceneDelegate.swift */ = {isa = PBXFileReference; lastKnownFileType = sourcecode.swift; path = SceneDelegate.swift; sourceTree = "<group>"; };
		A3D90FE228EFD3380097F5D0 /* ViewController.swift */ = {isa = PBXFileReference; lastKnownFileType = sourcecode.swift; path = ViewController.swift; sourceTree = "<group>"; };
		A3D90FE528EFD3380097F5D0 /* Base */ = {isa = PBXFileReference; lastKnownFileType = file.storyboard; name = Base; path = Base.lproj/Main.storyboard; sourceTree = "<group>"; };
		A3D90FE728EFD33A0097F5D0 /* Assets.xcassets */ = {isa = PBXFileReference; lastKnownFileType = folder.assetcatalog; path = Assets.xcassets; sourceTree = "<group>"; };
		A3D90FEA28EFD33A0097F5D0 /* Base */ = {isa = PBXFileReference; lastKnownFileType = file.storyboard; name = Base; path = Base.lproj/LaunchScreen.storyboard; sourceTree = "<group>"; };
		A3D90FEC28EFD33A0097F5D0 /* Info.plist */ = {isa = PBXFileReference; lastKnownFileType = text.plist.xml; path = Info.plist; sourceTree = "<group>"; };
		A3D90FF228EFD5B70097F5D0 /* SecondViewController.swift */ = {isa = PBXFileReference; lastKnownFileType = sourcecode.swift; path = SecondViewController.swift; sourceTree = "<group>"; };
		A3D90FF628EFD5E90097F5D0 /* thirdViewController.swift */ = {isa = PBXFileReference; lastKnownFileType = sourcecode.swift; name = thirdViewController.swift; path = ../thirdViewController.swift; sourceTree = "<group>"; };
/* End PBXFileReference section */

/* Begin PBXFrameworksBuildPhase section */
		A3D90FD828EFD3380097F5D0 /* Frameworks */ = {
			isa = PBXFrameworksBuildPhase;
			buildActionMask = 2147483647;
			files = (
			);
			runOnlyForDeploymentPostprocessing = 0;
		};
/* End PBXFrameworksBuildPhase section */

/* Begin PBXGroup section */
		A3D90FD228EFD3380097F5D0 = {
			isa = PBXGroup;
			children = (
				A3D90FDD28EFD3380097F5D0 /* IN_SOPT_FirstAssignment */,
				A3D90FDC28EFD3380097F5D0 /* Products */,
			);
			sourceTree = "<group>";
		};
		A3D90FDC28EFD3380097F5D0 /* Products */ = {
			isa = PBXGroup;
			children = (
				A3D90FDB28EFD3380097F5D0 /* IN_SOPT_FirstAssignment.app */,
			);
			name = Products;
			sourceTree = "<group>";
		};
		A3D90FDD28EFD3380097F5D0 /* IN_SOPT_FirstAssignment */ = {
			isa = PBXGroup;
			children = (
				A3D90FDE28EFD3380097F5D0 /* AppDelegate.swift */,
				A3D90FE028EFD3380097F5D0 /* SceneDelegate.swift */,
				A3D90FE228EFD3380097F5D0 /* ViewController.swift */,
				A3D90FF228EFD5B70097F5D0 /* SecondViewController.swift */,
				A3D90FF628EFD5E90097F5D0 /* thirdViewController.swift */,
				A3D90FE428EFD3380097F5D0 /* Main.storyboard */,
				A3D90FE728EFD33A0097F5D0 /* Assets.xcassets */,
				A3D90FE928EFD33A0097F5D0 /* LaunchScreen.storyboard */,
				A3D90FEC28EFD33A0097F5D0 /* Info.plist */,
			);
			path = IN_SOPT_FirstAssignment;
			sourceTree = "<group>";
		};
/* End PBXGroup section */

/* Begin PBXNativeTarget section */
		A3D90FDA28EFD3380097F5D0 /* IN_SOPT_FirstAssignment */ = {
			isa = PBXNativeTarget;
			buildConfigurationList = A3D90FEF28EFD33A0097F5D0 /* Build configuration list for PBXNativeTarget "IN_SOPT_FirstAssignment" */;
			buildPhases = (
				A3D90FD728EFD3380097F5D0 /* Sources */,
				A3D90FD828EFD3380097F5D0 /* Frameworks */,
				A3D90FD928EFD3380097F5D0 /* Resources */,
			);
			buildRules = (
			);
			dependencies = (
			);
			name = IN_SOPT_FirstAssignment;
			productName = IN_SOPT_FirstAssignment;
			productReference = A3D90FDB28EFD3380097F5D0 /* IN_SOPT_FirstAssignment.app */;
			productType = "com.apple.product-type.application";
		};
/* End PBXNativeTarget section */

/* Begin PBXProject section */
		A3D90FD328EFD3380097F5D0 /* Project object */ = {
			isa = PBXProject;
			attributes = {
				BuildIndependentTargetsInParallel = 1;
				LastSwiftUpdateCheck = 1400;
				LastUpgradeCheck = 1400;
				TargetAttributes = {
					A3D90FDA28EFD3380097F5D0 = {
						CreatedOnToolsVersion = 14.0.1;
					};
				};
			};
			buildConfigurationList = A3D90FD628EFD3380097F5D0 /* Build configuration list for PBXProject "IN_SOPT_FirstAssignment" */;
			compatibilityVersion = "Xcode 14.0";
			developmentRegion = en;
			hasScannedForEncodings = 0;
			knownRegions = (
				en,
				Base,
			);
			mainGroup = A3D90FD228EFD3380097F5D0;
			productRefGroup = A3D90FDC28EFD3380097F5D0 /* Products */;
			projectDirPath = "";
			projectRoot = "";
			targets = (
				A3D90FDA28EFD3380097F5D0 /* IN_SOPT_FirstAssignment */,
			);
		};
/* End PBXProject section */

/* Begin PBXResourcesBuildPhase section */
		A3D90FD928EFD3380097F5D0 /* Resources */ = {
			isa = PBXResourcesBuildPhase;
			buildActionMask = 2147483647;
			files = (
				A3D90FEB28EFD33A0097F5D0 /* LaunchScreen.storyboard in Resources */,
				A3D90FE828EFD33A0097F5D0 /* Assets.xcassets in Resources */,
				A3D90FE628EFD3380097F5D0 /* Main.storyboard in Resources */,
			);
			runOnlyForDeploymentPostprocessing = 0;
		};
/* End PBXResourcesBuildPhase section */

/* Begin PBXSourcesBuildPhase section */
		A3D90FD728EFD3380097F5D0 /* Sources */ = {
			isa = PBXSourcesBuildPhase;
			buildActionMask = 2147483647;
			files = (
				A3D90FF328EFD5B70097F5D0 /* SecondViewController.swift in Sources */,
				A3D90FE328EFD3380097F5D0 /* ViewController.swift in Sources */,
				A3D90FF728EFD5E90097F5D0 /* thirdViewController.swift in Sources */,
				A3D90FDF28EFD3380097F5D0 /* AppDelegate.swift in Sources */,
				A3D90FE128EFD3380097F5D0 /* SceneDelegate.swift in Sources */,
			);
			runOnlyForDeploymentPostprocessing = 0;
		};
/* End PBXSourcesBuildPhase section */

/* Begin PBXVariantGroup section */
		A3D90FE428EFD3380097F5D0 /* Main.storyboard */ = {
			isa = PBXVariantGroup;
			children = (
				A3D90FE528EFD3380097F5D0 /* Base */,
			);
			name = Main.storyboard;
			sourceTree = "<group>";
		};
		A3D90FE928EFD33A0097F5D0 /* LaunchScreen.storyboard */ = {
			isa = PBXVariantGroup;
			children = (
				A3D90FEA28EFD33A0097F5D0 /* Base */,
			);
			name = LaunchScreen.storyboard;
			sourceTree = "<group>";
		};
/* End PBXVariantGroup section */

/* Begin XCBuildConfiguration section */
		A3D90FED28EFD33A0097F5D0 /* Debug */ = {
			isa = XCBuildConfiguration;
			buildSettings = {
				ALWAYS_SEARCH_USER_PATHS = NO;
				CLANG_ANALYZER_NONNULL = YES;
				CLANG_ANALYZER_NUMBER_OBJECT_CONVERSION = YES_AGGRESSIVE;
				CLANG_CXX_LANGUAGE_STANDARD = "gnu++20";
				CLANG_ENABLE_MODULES = YES;
				CLANG_ENABLE_OBJC_ARC = YES;
				CLANG_ENABLE_OBJC_WEAK = YES;
				CLANG_WARN_BLOCK_CAPTURE_AUTORELEASING = YES;
				CLANG_WARN_BOOL_CONVERSION = YES;
				CLANG_WARN_COMMA = YES;
				CLANG_WARN_CONSTANT_CONVERSION = YES;
				CLANG_WARN_DEPRECATED_OBJC_IMPLEMENTATIONS = YES;
				CLANG_WARN_DIRECT_OBJC_ISA_USAGE = YES_ERROR;
				CLANG_WARN_DOCUMENTATION_COMMENTS = YES;
				CLANG_WARN_EMPTY_BODY = YES;
				CLANG_WARN_ENUM_CONVERSION = YES;
				CLANG_WARN_INFINITE_RECURSION = YES;
				CLANG_WARN_INT_CONVERSION = YES;
				CLANG_WARN_NON_LITERAL_NULL_CONVERSION = YES;
				CLANG_WARN_OBJC_IMPLICIT_RETAIN_SELF = YES;
				CLANG_WARN_OBJC_LITERAL_CONVERSION = YES;
				CLANG_WARN_OBJC_ROOT_CLASS = YES_ERROR;
				CLANG_WARN_QUOTED_INCLUDE_IN_FRAMEWORK_HEADER = YES;
				CLANG_WARN_RANGE_LOOP_ANALYSIS = YES;
				CLANG_WARN_STRICT_PROTOTYPES = YES;
				CLANG_WARN_SUSPICIOUS_MOVE = YES;
				CLANG_WARN_UNGUARDED_AVAILABILITY = YES_AGGRESSIVE;
				CLANG_WARN_UNREACHABLE_CODE = YES;
				CLANG_WARN__DUPLICATE_METHOD_MATCH = YES;
				COPY_PHASE_STRIP = NO;
				DEBUG_INFORMATION_FORMAT = dwarf;
				ENABLE_STRICT_OBJC_MSGSEND = YES;
				ENABLE_TESTABILITY = YES;
				GCC_C_LANGUAGE_STANDARD = gnu11;
				GCC_DYNAMIC_NO_PIC = NO;
				GCC_NO_COMMON_BLOCKS = YES;
				GCC_OPTIMIZATION_LEVEL = 0;
				GCC_PREPROCESSOR_DEFINITIONS = (
					"DEBUG=1",
					"$(inherited)",
				);
				GCC_WARN_64_TO_32_BIT_CONVERSION = YES;
				GCC_WARN_ABOUT_RETURN_TYPE = YES_ERROR;
				GCC_WARN_UNDECLARED_SELECTOR = YES;
				GCC_WARN_UNINITIALIZED_AUTOS = YES_AGGRESSIVE;
				GCC_WARN_UNUSED_FUNCTION = YES;
				GCC_WARN_UNUSED_VARIABLE = YES;
				IPHONEOS_DEPLOYMENT_TARGET = 16.0;
				MTL_ENABLE_DEBUG_INFO = INCLUDE_SOURCE;
				MTL_FAST_MATH = YES;
				ONLY_ACTIVE_ARCH = YES;
				SDKROOT = iphoneos;
				SWIFT_ACTIVE_COMPILATION_CONDITIONS = DEBUG;
				SWIFT_OPTIMIZATION_LEVEL = "-Onone";
			};
			name = Debug;
		};
		A3D90FEE28EFD33A0097F5D0 /* Release */ = {
			isa = XCBuildConfiguration;
			buildSettings = {
				ALWAYS_SEARCH_USER_PATHS = NO;
				CLANG_ANALYZER_NONNULL = YES;
				CLANG_ANALYZER_NUMBER_OBJECT_CONVERSION = YES_AGGRESSIVE;
				CLANG_CXX_LANGUAGE_STANDARD = "gnu++20";
				CLANG_ENABLE_MODULES = YES;
				CLANG_ENABLE_OBJC_ARC = YES;
				CLANG_ENABLE_OBJC_WEAK = YES;
				CLANG_WARN_BLOCK_CAPTURE_AUTORELEASING = YES;
				CLANG_WARN_BOOL_CONVERSION = YES;
				CLANG_WARN_COMMA = YES;
				CLANG_WARN_CONSTANT_CONVERSION = YES;
				CLANG_WARN_DEPRECATED_OBJC_IMPLEMENTATIONS = YES;
				CLANG_WARN_DIRECT_OBJC_ISA_USAGE = YES_ERROR;
				CLANG_WARN_DOCUMENTATION_COMMENTS = YES;
				CLANG_WARN_EMPTY_BODY = YES;
				CLANG_WARN_ENUM_CONVERSION = YES;
				CLANG_WARN_INFINITE_RECURSION = YES;
				CLANG_WARN_INT_CONVERSION = YES;
				CLANG_WARN_NON_LITERAL_NULL_CONVERSION = YES;
				CLANG_WARN_OBJC_IMPLICIT_RETAIN_SELF = YES;
				CLANG_WARN_OBJC_LITERAL_CONVERSION = YES;
				CLANG_WARN_OBJC_ROOT_CLASS = YES_ERROR;
				CLANG_WARN_QUOTED_INCLUDE_IN_FRAMEWORK_HEADER = YES;
				CLANG_WARN_RANGE_LOOP_ANALYSIS = YES;
				CLANG_WARN_STRICT_PROTOTYPES = YES;
				CLANG_WARN_SUSPICIOUS_MOVE = YES;
				CLANG_WARN_UNGUARDED_AVAILABILITY = YES_AGGRESSIVE;
				CLANG_WARN_UNREACHABLE_CODE = YES;
				CLANG_WARN__DUPLICATE_METHOD_MATCH = YES;
				COPY_PHASE_STRIP = NO;
				DEBUG_INFORMATION_FORMAT = "dwarf-with-dsym";
				ENABLE_NS_ASSERTIONS = NO;
				ENABLE_STRICT_OBJC_MSGSEND = YES;
				GCC_C_LANGUAGE_STANDARD = gnu11;
				GCC_NO_COMMON_BLOCKS = YES;
				GCC_WARN_64_TO_32_BIT_CONVERSION = YES;
				GCC_WARN_ABOUT_RETURN_TYPE = YES_ERROR;
				GCC_WARN_UNDECLARED_SELECTOR = YES;
				GCC_WARN_UNINITIALIZED_AUTOS = YES_AGGRESSIVE;
				GCC_WARN_UNUSED_FUNCTION = YES;
				GCC_WARN_UNUSED_VARIABLE = YES;
				IPHONEOS_DEPLOYMENT_TARGET = 16.0;
				MTL_ENABLE_DEBUG_INFO = NO;
				MTL_FAST_MATH = YES;
				SDKROOT = iphoneos;
				SWIFT_COMPILATION_MODE = wholemodule;
				SWIFT_OPTIMIZATION_LEVEL = "-O";
				VALIDATE_PRODUCT = YES;
			};
			name = Release;
		};
		A3D90FF028EFD33A0097F5D0 /* Debug */ = {
			isa = XCBuildConfiguration;
			buildSettings = {
				ASSETCATALOG_COMPILER_APPICON_NAME = AppIcon;
				ASSETCATALOG_COMPILER_GLOBAL_ACCENT_COLOR_NAME = AccentColor;
				CODE_SIGN_STYLE = Automatic;
				CURRENT_PROJECT_VERSION = 1;
				GENERATE_INFOPLIST_FILE = YES;
				INFOPLIST_FILE = IN_SOPT_FirstAssignment/Info.plist;
				INFOPLIST_KEY_UIApplicationSupportsIndirectInputEvents = YES;
				INFOPLIST_KEY_UILaunchStoryboardName = LaunchScreen;
				INFOPLIST_KEY_UIMainStoryboardFile = Main;
				INFOPLIST_KEY_UISupportedInterfaceOrientations_iPad = "UIInterfaceOrientationPortrait UIInterfaceOrientationPortraitUpsideDown UIInterfaceOrientationLandscapeLeft UIInterfaceOrientationLandscapeRight";
				INFOPLIST_KEY_UISupportedInterfaceOrientations_iPhone = "UIInterfaceOrientationPortrait UIInterfaceOrientationLandscapeLeft UIInterfaceOrientationLandscapeRight";
				LD_RUNPATH_SEARCH_PATHS = (
					"$(inherited)",
					"@executable_path/Frameworks",
				);
				MARKETING_VERSION = 1.0;
				PRODUCT_BUNDLE_IDENTIFIER = "dlwogus0128.IN-SOPT-FirstAssignment";
				PRODUCT_NAME = "$(TARGET_NAME)";
				SWIFT_EMIT_LOC_STRINGS = YES;
				SWIFT_VERSION = 5.0;
				TARGETED_DEVICE_FAMILY = "1,2";
			};
			name = Debug;
		};
		A3D90FF128EFD33A0097F5D0 /* Release */ = {
			isa = XCBuildConfiguration;
			buildSettings = {
				ASSETCATALOG_COMPILER_APPICON_NAME = AppIcon;
				ASSETCATALOG_COMPILER_GLOBAL_ACCENT_COLOR_NAME = AccentColor;
				CODE_SIGN_STYLE = Automatic;
				CURRENT_PROJECT_VERSION = 1;
				GENERATE_INFOPLIST_FILE = YES;
				INFOPLIST_FILE = IN_SOPT_FirstAssignment/Info.plist;
				INFOPLIST_KEY_UIApplicationSupportsIndirectInputEvents = YES;
				INFOPLIST_KEY_UILaunchStoryboardName = LaunchScreen;
				INFOPLIST_KEY_UIMainStoryboardFile = Main;
				INFOPLIST_KEY_UISupportedInterfaceOrientations_iPad = "UIInterfaceOrientationPortrait UIInterfaceOrientationPortraitUpsideDown UIInterfaceOrientationLandscapeLeft UIInterfaceOrientationLandscapeRight";
				INFOPLIST_KEY_UISupportedInterfaceOrientations_iPhone = "UIInterfaceOrientationPortrait UIInterfaceOrientationLandscapeLeft UIInterfaceOrientationLandscapeRight";
				LD_RUNPATH_SEARCH_PATHS = (
					"$(inherited)",
					"@executable_path/Frameworks",
				);
				MARKETING_VERSION = 1.0;
				PRODUCT_BUNDLE_IDENTIFIER = "dlwogus0128.IN-SOPT-FirstAssignment";
				PRODUCT_NAME = "$(TARGET_NAME)";
				SWIFT_EMIT_LOC_STRINGS = YES;
				SWIFT_VERSION = 5.0;
				TARGETED_DEVICE_FAMILY = "1,2";
			};
			name = Release;
		};
/* End XCBuildConfiguration section */

/* Begin XCConfigurationList section */
		A3D90FD628EFD3380097F5D0 /* Build configuration list for PBXProject "IN_SOPT_FirstAssignment" */ = {
			isa = XCConfigurationList;
			buildConfigurations = (
				A3D90FED28EFD33A0097F5D0 /* Debug */,
				A3D90FEE28EFD33A0097F5D0 /* Release */,
			);
			defaultConfigurationIsVisible = 0;
			defaultConfigurationName = Release;
		};
		A3D90FEF28EFD33A0097F5D0 /* Build configuration list for PBXNativeTarget "IN_SOPT_FirstAssignment" */ = {
			isa = XCConfigurationList;
			buildConfigurations = (
				A3D90FF028EFD33A0097F5D0 /* Debug */,
				A3D90FF128EFD33A0097F5D0 /* Release */,
			);
			defaultConfigurationIsVisible = 0;
			defaultConfigurationName = Release;
		};
/* End XCConfigurationList section */
	};
	rootObject = A3D90FD328EFD3380097F5D0 /* Project object */;
}
